
Microsoft Visual Studio Solution File, Format Version 12.00
# Visual Studio Version 16
VisualStudioVersion = 16.0.29806.167
MinimumVisualStudioVersion = 10.0.40219.1
Project("{FAE04EC0-301F-11D3-BF4B-00C04F79EFBC}") = "Loop.Confluence", "Loop.Confluence\Loop.Confluence.csproj", "{33E2F1CD-F8A6-4505-9C66-9789BE033ABC}"
EndProject
Global
	GlobalSection(SolutionConfigurationPlatforms) = preSolution
		Debug|Any CPU = Debug|Any CPU
		Release|Any CPU = Release|Any CPU
	EndGlobalSection
	GlobalSection(ProjectConfigurationPlatforms) = postSolution
		{33E2F1CD-F8A6-4505-9C66-9789BE033ABC}.Debug|Any CPU.ActiveCfg = Debug|Any CPU
		{33E2F1CD-F8A6-4505-9C66-9789BE033ABC}.Debug|Any CPU.Build.0 = Debug|Any CPU
		{33E2F1CD-F8A6-4505-9C66-9789BE033ABC}.Release|Any CPU.ActiveCfg = Release|Any CPU
		{33E2F1CD-F8A6-4505-9C66-9789BE033ABC}.Release|Any CPU.Build.0 = Release|Any CPU
	EndGlobalSection
	GlobalSection(SolutionProperties) = preSolution
		HideSolutionNode = FALSE
	EndGlobalSection
	GlobalSection(ExtensibilityGlobals) = postSolution
		SolutionGuid = {50D14335-36CE-4432-A426-26C1EFA2BD04}
	EndGlobalSection
EndGlobal
